
Microsoft Visual Studio Solution File, Format Version 12.00
# Visual Studio Version 16
VisualStudioVersion = 25.0.1703.1
MinimumVisualStudioVersion = 10.0.40219.1
Project("{FAE04EC0-301F-11D3-BF4B-00C04F79EFBC}") = "asp-net-core-jwt", "asp-net-core-jwt\asp-net-core-jwt.csproj", "{4E00105E-8373-4378-A805-BF4C70AEEAAD}"
EndProject
Global
	GlobalSection(SolutionConfigurationPlatforms) = preSolution
		Debug|Any CPU = Debug|Any CPU
		Release|Any CPU = Release|Any CPU
	EndGlobalSection
	GlobalSection(ProjectConfigurationPlatforms) = postSolution
		{4E00105E-8373-4378-A805-BF4C70AEEAAD}.Debug|Any CPU.ActiveCfg = Debug|Any CPU
		{4E00105E-8373-4378-A805-BF4C70AEEAAD}.Debug|Any CPU.Build.0 = Debug|Any CPU
		{4E00105E-8373-4378-A805-BF4C70AEEAAD}.Release|Any CPU.ActiveCfg = Release|Any CPU
		{4E00105E-8373-4378-A805-BF4C70AEEAAD}.Release|Any CPU.Build.0 = Release|Any CPU
	EndGlobalSection
	GlobalSection(SolutionProperties) = preSolution
		HideSolutionNode = FALSE
	EndGlobalSection
	GlobalSection(ExtensibilityGlobals) = postSolution
		SolutionGuid = {BB8ED6C9-5644-4B33-86A1-F930D7C1E982}
	EndGlobalSection
EndGlobal
